{
  "name": "@digitalarsenal/sdn-flow",
  "version": "0.1.0",
  "lockfileVersion": 3,
  "requires": true,
  "packages": {
    "": {
      "name": "@digitalarsenal/sdn-flow",
      "version": "0.1.0",
      "license": "MIT",
      "dependencies": {
        "hd-wallet-wasm": "^1.5.4",
        "space-data-module-sdk": "file:../space-data-module-sdk"
      },
      "devDependencies": {
        "flatbuffers": "^25.9.23"
      },
      "engines": {
        "node": ">=20.0.0"
      }
    },
    "../space-data-module-sdk": {
      "version": "0.1.0",
      "dependencies": {
        "flatbuffers": "^25.9.23",
        "hd-wallet-wasm": "1.6.0",
        "sdn-emception": "1.0.0",
        "spacedatastandards.org": "23.3.3-0.3.4"
      },
      "bin": {
        "space-data-module": "bin/space-data-module.js"
      },
      "devDependencies": {
        "express": "^4.21.2"
      },
      "engines": {
        "node": ">=20.0.0"
      }
    },
    "node_modules/flatbuffers": {
      "version": "25.9.23",
      "resolved": "https://registry.npmjs.org/flatbuffers/-/flatbuffers-25.9.23.tgz",
      "integrity": "sha512-MI1qs7Lo4Syw0EOzUl0xjs2lsoeqFku44KpngfIduHBYvzm8h2+7K8YMQh1JtVVVrUvhLpNwqVi4DERegUJhPQ==",
      "dev": true,
      "license": "Apache-2.0"
    },
    "node_modules/hd-wallet-wasm": {
      "version": "1.6.0",
      "resolved": "https://registry.npmjs.org/hd-wallet-wasm/-/hd-wallet-wasm-1.6.0.tgz",
      "integrity": "sha512-yV5q0iI7b1fDhqUOb0VQHx8wvqJqQRP0Gh3MApo1U17aFjOD4yuejVnnS2b65/93wWHjexmKxLUrWCxL/gPcdQ==",
      "license": "Apache-2.0",
      "engines": {
        "node": ">=18.0.0"
      }
    },
    "node_modules/space-data-module-sdk": {
      "resolved": "../space-data-module-sdk",
      "link": true
    }
  }
}
